// !$*UTF8*$!
{
	archiveVersion = 1;
	classes = {
	};
	objectVersion = 46;
	objects = {

/* Begin PBXBuildFile section */
		E759DB4B726A4DD88144531E /* LICENSE in Sources */ = {isa = PBXBuildFile; fileRef = 1DC153F3629249E0A4C15346 /* LICENSE */; };
		563963CEF2294721AB990B83 /* cli-config.yml in Sources */ = {isa = PBXBuildFile; fileRef = 97E9F609ACB145C490AEFD78 /* cli-config.yml */; };
		11F9674B8532430586CCA841 /* BMSCredentials.plist in Resources */ = {isa = PBXBuildFile; fileRef = C010DF6E8682443E801922F1 /* BMSCredentials.plist */; };
		075AAE2DD8CF951AEBA07735 /* Pods_IATAblumareksUITests.framework in Frameworks */ = {isa = PBXBuildFile; fileRef = 18FB6B94BD7F5CF6B965945C /* Pods_IATAblumareksUITests.framework */; };
		29E8B1C6E0F04D5099022EDB /* Pods_IATAblumareksTests.framework in Frameworks */ = {isa = PBXBuildFile; fileRef = E544B14066F29C9013C2DBC8 /* Pods_IATAblumareksTests.framework */; };
		49C974251DC3C1F0002EF990 /* RestKit.framework in Frameworks */ = {isa = PBXBuildFile; fileRef = 49E15BAF1D9023E7005C4B9E /* RestKit.framework */; };
		49C974261DC3C1F8002EF990 /* ConversationV1.framework in Frameworks */ = {isa = PBXBuildFile; fileRef = 49804E011DC3BBC200DFA539 /* ConversationV1.framework */; };
		49C974271DC3C1F8002EF990 /* ConversationV1.framework in Embed Frameworks */ = {isa = PBXBuildFile; fileRef = 49804E011DC3BBC200DFA539 /* ConversationV1.framework */; settings = {ATTRIBUTES = (CodeSignOnCopy, RemoveHeadersOnCopy, ); }; };
		49E15BB21D9023EC005C4B9E /* RestKit.framework in Embed Frameworks */ = {isa = PBXBuildFile; fileRef = 49E15BAF1D9023E7005C4B9E /* RestKit.framework */; settings = {ATTRIBUTES = (CodeSignOnCopy, RemoveHeadersOnCopy, ); }; };
		555C91AC1D0F0731003E84E3 /* AppDelegate.swift in Sources */ = {isa = PBXBuildFile; fileRef = 555C91AB1D0F0731003E84E3 /* AppDelegate.swift */; };
		555C91AE1D0F0731003E84E3 /* ViewController.swift in Sources */ = {isa = PBXBuildFile; fileRef = 555C91AD1D0F0731003E84E3 /* ViewController.swift */; };
		555C91B11D0F0731003E84E3 /* Main.storyboard in Resources */ = {isa = PBXBuildFile; fileRef = 555C91AF1D0F0731003E84E3 /* Main.storyboard */; };
		555C91B31D0F0731003E84E3 /* Assets.xcassets in Resources */ = {isa = PBXBuildFile; fileRef = 555C91B21D0F0731003E84E3 /* Assets.xcassets */; };
		555C91C11D0F0731003E84E3 /* IATAblumareksTests.swift in Sources */ = {isa = PBXBuildFile; fileRef = 555C91C01D0F0731003E84E3 /* IATAblumareksTests.swift */; };
		555C91CC1D0F0731003E84E3 /* IATAblumareksUITests.swift in Sources */ = {isa = PBXBuildFile; fileRef = 555C91CB1D0F0731003E84E3 /* IATAblumareksUITests.swift */; };
		9D056528766C3DA17608E6CD /* Pods_IATAblumareks.framework in Frameworks */ = {isa = PBXBuildFile; fileRef = C588E03443573F2DDF2BE953 /* Pods_IATAblumareks.framework */; };
/* End PBXBuildFile section */

/* Begin PBXContainerItemProxy section */
		555C91BD1D0F0731003E84E3 /* PBXContainerItemProxy */ = {
			isa = PBXContainerItemProxy;
			containerPortal = 555C91A01D0F0731003E84E3 /* Project object */;
			proxyType = 1;
			remoteGlobalIDString = 555C91A71D0F0731003E84E3;
			remoteInfo = IATAblumareks;
		};
		555C91C81D0F0731003E84E3 /* PBXContainerItemProxy */ = {
			isa = PBXContainerItemProxy;
			containerPortal = 555C91A01D0F0731003E84E3 /* Project object */;
			proxyType = 1;
			remoteGlobalIDString = 555C91A71D0F0731003E84E3;
			remoteInfo = IATAblumareks;
		};
/* End PBXContainerItemProxy section */

/* Begin PBXCopyFilesBuildPhase section */
		49E15BA51D902274005C4B9E /* Embed Frameworks */ = {
			isa = PBXCopyFilesBuildPhase;
			buildActionMask = 2147483647;
			dstPath = "";
			dstSubfolderSpec = 10;
			files = (
				49E15BB21D9023EC005C4B9E /* RestKit.framework in Embed Frameworks */,
				49C974271DC3C1F8002EF990 /* ConversationV1.framework in Embed Frameworks */,
			);
			name = "Embed Frameworks";
			runOnlyForDeploymentPostprocessing = 0;
		};
/* End PBXCopyFilesBuildPhase section */

/* Begin PBXFileReference section */
		1DC153F3629249E0A4C15346 /* LICENSE */ = {isa = PBXFileReference; lastKnownFileType = sourcecode.swift; name = LICENSE; path = LICENSE; sourceTree = "<group>"; };
		97E9F609ACB145C490AEFD78 /* cli-config.yml */ = {isa = PBXFileReference; lastKnownFileType = sourcecode.swift; name = cli-config.yml; path = cli-config.yml; sourceTree = "<group>"; };
		C010DF6E8682443E801922F1 /* BMSCredentials.plist */ = {isa = PBXFileReference; fileEncoding = 4; lastKnownFileType = text.plist.xml; name = BMSCredentials.plist; path = BMSCredentials.plist; sourceTree = "<group>"; };
		11E82E2A01DF386A2BD70BE6 /* Pods-IATAblumareks.debug.xcconfig */ = {isa = PBXFileReference; includeInIndex = 1; lastKnownFileType = text.xcconfig; name = "Pods-IATAblumareks.debug.xcconfig"; path = "Pods/Target Support Files/Pods-IATAblumareks/Pods-IATAblumareks.debug.xcconfig"; sourceTree = "<group>"; };
		18FB6B94BD7F5CF6B965945C /* Pods_IATAblumareksUITests.framework */ = {isa = PBXFileReference; explicitFileType = wrapper.framework; includeInIndex = 0; path = Pods_IATAblumareksUITests.framework; sourceTree = BUILT_PRODUCTS_DIR; };
		1CCAB15229E227CD9B62C913 /* Pods-IATAblumareks.release.xcconfig */ = {isa = PBXFileReference; includeInIndex = 1; lastKnownFileType = text.xcconfig; name = "Pods-IATAblumareks.release.xcconfig"; path = "Pods/Target Support Files/Pods-IATAblumareks/Pods-IATAblumareks.release.xcconfig"; sourceTree = "<group>"; };
		483EEB55DA3E89708BB85127 /* Pods-IATAblumareksUITests.release.xcconfig */ = {isa = PBXFileReference; includeInIndex = 1; lastKnownFileType = text.xcconfig; name = "Pods-IATAblumareksUITests.release.xcconfig"; path = "Pods/Target Support Files/Pods-IATAblumareksUITests/Pods-IATAblumareksUITests.release.xcconfig"; sourceTree = "<group>"; };
		49804E011DC3BBC200DFA539 /* ConversationV1.framework */ = {isa = PBXFileReference; lastKnownFileType = wrapper.framework; name = ConversationV1.framework; path = Carthage/Build/iOS/ConversationV1.framework; sourceTree = "<group>"; };
		49E15BAF1D9023E7005C4B9E /* RestKit.framework */ = {isa = PBXFileReference; lastKnownFileType = wrapper.framework; name = RestKit.framework; path = Carthage/Build/iOS/RestKit.framework; sourceTree = "<group>"; };
		555C91A81D0F0731003E84E3 /* IATAblumareks.app */ = {isa = PBXFileReference; explicitFileType = wrapper.application; includeInIndex = 0; path = IATAblumareks.app; sourceTree = BUILT_PRODUCTS_DIR; };
		555C91AB1D0F0731003E84E3 /* AppDelegate.swift */ = {isa = PBXFileReference; lastKnownFileType = sourcecode.swift; path = AppDelegate.swift; sourceTree = "<group>"; };
		555C91AD1D0F0731003E84E3 /* ViewController.swift */ = {isa = PBXFileReference; lastKnownFileType = sourcecode.swift; path = ViewController.swift; sourceTree = "<group>"; };
		555C91B01D0F0731003E84E3 /* Base */ = {isa = PBXFileReference; lastKnownFileType = file.storyboard; name = Base; path = Base.lproj/Main.storyboard; sourceTree = "<group>"; };
		555C91B21D0F0731003E84E3 /* Assets.xcassets */ = {isa = PBXFileReference; lastKnownFileType = folder.assetcatalog; path = Assets.xcassets; sourceTree = "<group>"; };
		555C91B71D0F0731003E84E3 /* Info.plist */ = {isa = PBXFileReference; lastKnownFileType = text.plist.xml; path = Info.plist; sourceTree = "<group>"; };
		555C91BC1D0F0731003E84E3 /* IATAblumareksTests.xctest */ = {isa = PBXFileReference; explicitFileType = wrapper.cfbundle; includeInIndex = 0; path = IATAblumareksTests.xctest; sourceTree = BUILT_PRODUCTS_DIR; };
		555C91C01D0F0731003E84E3 /* IATAblumareksTests.swift */ = {isa = PBXFileReference; lastKnownFileType = sourcecode.swift; path = IATAblumareksTests.swift; sourceTree = "<group>"; };
		555C91C21D0F0731003E84E3 /* Info.plist */ = {isa = PBXFileReference; lastKnownFileType = text.plist.xml; path = Info.plist; sourceTree = "<group>"; };
		555C91C71D0F0731003E84E3 /* IATAblumareksUITests.xctest */ = {isa = PBXFileReference; explicitFileType = wrapper.cfbundle; includeInIndex = 0; path = IATAblumareksUITests.xctest; sourceTree = BUILT_PRODUCTS_DIR; };
		555C91CB1D0F0731003E84E3 /* IATAblumareksUITests.swift */ = {isa = PBXFileReference; lastKnownFileType = sourcecode.swift; path = IATAblumareksUITests.swift; sourceTree = "<group>"; };
		555C91CD1D0F0731003E84E3 /* Info.plist */ = {isa = PBXFileReference; lastKnownFileType = text.plist.xml; path = Info.plist; sourceTree = "<group>"; };
		87BF2132F67C2EAE62E4B71D /* Pods-IATAblumareksUITests.debug.xcconfig */ = {isa = PBXFileReference; includeInIndex = 1; lastKnownFileType = text.xcconfig; name = "Pods-IATAblumareksUITests.debug.xcconfig"; path = "Pods/Target Support Files/Pods-IATAblumareksUITests/Pods-IATAblumareksUITests.debug.xcconfig"; sourceTree = "<group>"; };
		BE8DF661C07204DB0E9EEB5F /* Pods-IATAblumareksTests.release.xcconfig */ = {isa = PBXFileReference; includeInIndex = 1; lastKnownFileType = text.xcconfig; name = "Pods-IATAblumareksTests.release.xcconfig"; path = "Pods/Target Support Files/Pods-IATAblumareksTests/Pods-IATAblumareksTests.release.xcconfig"; sourceTree = "<group>"; };
		C588E03443573F2DDF2BE953 /* Pods_IATAblumareks.framework */ = {isa = PBXFileReference; explicitFileType = wrapper.framework; includeInIndex = 0; path = Pods_IATAblumareks.framework; sourceTree = BUILT_PRODUCTS_DIR; };
		D89BC7573A6BA92E7A355C67 /* Pods-IATAblumareksTests.debug.xcconfig */ = {isa = PBXFileReference; includeInIndex = 1; lastKnownFileType = text.xcconfig; name = "Pods-IATAblumareksTests.debug.xcconfig"; path = "Pods/Target Support Files/Pods-IATAblumareksTests/Pods-IATAblumareksTests.debug.xcconfig"; sourceTree = "<group>"; };
		E544B14066F29C9013C2DBC8 /* Pods_IATAblumareksTests.framework */ = {isa = PBXFileReference; explicitFileType = wrapper.framework; includeInIndex = 0; path = Pods_IATAblumareksTests.framework; sourceTree = BUILT_PRODUCTS_DIR; };
/* End PBXFileReference section */

/* Begin PBXFrameworksBuildPhase section */
		555C91A51D0F0731003E84E3 /* Frameworks */ = {
			isa = PBXFrameworksBuildPhase;
			buildActionMask = 2147483647;
			files = (
				9D056528766C3DA17608E6CD /* Pods_IATAblumareks.framework in Frameworks */,
				49C974251DC3C1F0002EF990 /* RestKit.framework in Frameworks */,
				49C974261DC3C1F8002EF990 /* ConversationV1.framework in Frameworks */,
			);
			runOnlyForDeploymentPostprocessing = 0;
		};
		555C91B91D0F0731003E84E3 /* Frameworks */ = {
			isa = PBXFrameworksBuildPhase;
			buildActionMask = 2147483647;
			files = (
				29E8B1C6E0F04D5099022EDB /* Pods_IATAblumareksTests.framework in Frameworks */,
			);
			runOnlyForDeploymentPostprocessing = 0;
		};
		555C91C41D0F0731003E84E3 /* Frameworks */ = {
			isa = PBXFrameworksBuildPhase;
			buildActionMask = 2147483647;
			files = (
				075AAE2DD8CF951AEBA07735 /* Pods_IATAblumareksUITests.framework in Frameworks */,
			);
			runOnlyForDeploymentPostprocessing = 0;
		};
/* End PBXFrameworksBuildPhase section */

/* Begin PBXGroup section */
		545C9DD4D3D79A706E9BC9CE /* Frameworks */ = {
			isa = PBXGroup;
			children = (
				49804E011DC3BBC200DFA539 /* ConversationV1.framework */,
				49E15BAF1D9023E7005C4B9E /* RestKit.framework */,
				C588E03443573F2DDF2BE953 /* Pods_IATAblumareks.framework */,
				E544B14066F29C9013C2DBC8 /* Pods_IATAblumareksTests.framework */,
				18FB6B94BD7F5CF6B965945C /* Pods_IATAblumareksUITests.framework */,
			);
			name = Frameworks;
			sourceTree = "<group>";
		};
		555C919F1D0F0731003E84E3 = {
			isa = PBXGroup;
			children = (
				555C91AA1D0F0731003E84E3 /* IATAblumareks */,
				555C91BF1D0F0731003E84E3 /* IATAblumareksTests */,
				555C91CA1D0F0731003E84E3 /* IATAblumareksUITests */,
				555C91A91D0F0731003E84E3 /* Products */,
				A4160B77D037FA5B9F790955 /* Pods */,
				545C9DD4D3D79A706E9BC9CE /* Frameworks */,
			);
			sourceTree = "<group>";
		};
		555C91A91D0F0731003E84E3 /* Products */ = {
			isa = PBXGroup;
			children = (
				555C91A81D0F0731003E84E3 /* IATAblumareks.app */,
				555C91BC1D0F0731003E84E3 /* IATAblumareksTests.xctest */,
				555C91C71D0F0731003E84E3 /* IATAblumareksUITests.xctest */,
			);
			name = Products;
			sourceTree = "<group>";
		};
		555C91AA1D0F0731003E84E3 /* IATAblumareks */ = {
			isa = PBXGroup;
			children = (
				C010DF6E8682443E801922F1 /* BMSCredentials.plist */,
				555C91AB1D0F0731003E84E3 /* AppDelegate.swift */,
				555C91B71D0F0731003E84E3 /* Info.plist */,
				555C91AD1D0F0731003E84E3 /* ViewController.swift */,
				555C91AF1D0F0731003E84E3 /* Main.storyboard */,
				555C91B21D0F0731003E84E3 /* Assets.xcassets */,
			);
			path = IATAblumareks;
			sourceTree = "<group>";
		};
		555C91BF1D0F0731003E84E3 /* IATAblumareksTests */ = {
			isa = PBXGroup;
			children = (
				555C91C01D0F0731003E84E3 /* IATAblumareksTests.swift */,
				555C91C21D0F0731003E84E3 /* Info.plist */,
			);
			path = IATAblumareksTests;
			sourceTree = "<group>";
		};
		555C91CA1D0F0731003E84E3 /* IATAblumareksUITests */ = {
			isa = PBXGroup;
			children = (
				555C91CB1D0F0731003E84E3 /* IATAblumareksUITests.swift */,
				555C91CD1D0F0731003E84E3 /* Info.plist */,
			);
			path = IATAblumareksUITests;
			sourceTree = "<group>";
		};
		A4160B77D037FA5B9F790955 /* Pods */ = {
			isa = PBXGroup;
			children = (
				11E82E2A01DF386A2BD70BE6 /* Pods-IATAblumareks.debug.xcconfig */,
				1CCAB15229E227CD9B62C913 /* Pods-IATAblumareks.release.xcconfig */,
				D89BC7573A6BA92E7A355C67 /* Pods-IATAblumareksTests.debug.xcconfig */,
				BE8DF661C07204DB0E9EEB5F /* Pods-IATAblumareksTests.release.xcconfig */,
				87BF2132F67C2EAE62E4B71D /* Pods-IATAblumareksUITests.debug.xcconfig */,
				483EEB55DA3E89708BB85127 /* Pods-IATAblumareksUITests.release.xcconfig */,
			);
			name = Pods;
			sourceTree = "<group>";
		};
/* End PBXGroup section */

/* Begin PBXNativeTarget section */
		555C91A71D0F0731003E84E3 /* IATAblumareks */ = {
			isa = PBXNativeTarget;
			buildConfigurationList = 555C91D01D0F0731003E84E3 /* Build configuration list for PBXNativeTarget "IATAblumareks" */;
			buildPhases = (
				E48551C04942F6AAA79A91F5 /* [CP] Check Pods Manifest.lock */,
				555C91A41D0F0731003E84E3 /* Sources */,
				555C91A51D0F0731003E84E3 /* Frameworks */,
				555C91A61D0F0731003E84E3 /* Resources */,
				7A8D7333F6565346A25DF969 /* [CP] Embed Pods Frameworks */,
				410ABB49FD048590F6C8D98F /* [CP] Copy Pods Resources */,
				49E15BA51D902274005C4B9E /* Embed Frameworks */,
			);
			buildRules = (
			);
			dependencies = (
			);
			name = IATAblumareks;
			productName = IATAblumareks;
			productReference = 555C91A81D0F0731003E84E3 /* IATAblumareks.app */;
			productType = "com.apple.product-type.application";
		};
		555C91BB1D0F0731003E84E3 /* IATAblumareksTests */ = {
			isa = PBXNativeTarget;
			buildConfigurationList = 555C91D31D0F0731003E84E3 /* Build configuration list for PBXNativeTarget "IATAblumareksTests" */;
			buildPhases = (
				A9F8F9D069C5977EF9956A05 /* [CP] Check Pods Manifest.lock */,
				555C91B81D0F0731003E84E3 /* Sources */,
				555C91B91D0F0731003E84E3 /* Frameworks */,
				555C91BA1D0F0731003E84E3 /* Resources */,
				52DF35875FBF79AB76C7D5C2 /* [CP] Embed Pods Frameworks */,
				6BE25C2A1762BCA2C830304B /* [CP] Copy Pods Resources */,
			);
			buildRules = (
			);
			dependencies = (
				555C91BE1D0F0731003E84E3 /* PBXTargetDependency */,
			);
			name = IATAblumareksTests;
			productName = IATAblumareksTests;
			productReference = 555C91BC1D0F0731003E84E3 /* IATAblumareksTests.xctest */;
			productType = "com.apple.product-type.bundle.unit-test";
		};
		555C91C61D0F0731003E84E3 /* IATAblumareksUITests */ = {
			isa = PBXNativeTarget;
			buildConfigurationList = 555C91D61D0F0731003E84E3 /* Build configuration list for PBXNativeTarget "IATAblumareksUITests" */;
			buildPhases = (
				2AE1C0064C94D16713FCF8D0 /* [CP] Check Pods Manifest.lock */,
				555C91C31D0F0731003E84E3 /* Sources */,
				555C91C41D0F0731003E84E3 /* Frameworks */,
				555C91C51D0F0731003E84E3 /* Resources */,
				BB0C201FFCA93441EFB3BDBB /* [CP] Copy Pods Resources */,
				2E3CF325FF8BA7697EB79BF8 /* [CP] Embed Pods Frameworks */,
			);
			buildRules = (
			);
			dependencies = (
				555C91C91D0F0731003E84E3 /* PBXTargetDependency */,
			);
			name = IATAblumareksUITests;
			productName = IATAblumareksUITests;
			productReference = 555C91C71D0F0731003E84E3 /* IATAblumareksUITests.xctest */;
			productType = "com.apple.product-type.bundle.ui-testing";
		};
/* End PBXNativeTarget section */

/* Begin PBXProject section */
		555C91A01D0F0731003E84E3 /* Project object */ = {
			isa = PBXProject;
			attributes = {
				LastSwiftUpdateCheck = 0730;
				LastUpgradeCheck = 0800;
				ORGANIZATIONNAME = IBM;
				TargetAttributes = {
					555C91A71D0F0731003E84E3 = {
						CreatedOnToolsVersion = 7.3.1;
						LastSwiftMigration = 0800;
					};
					555C91BB1D0F0731003E84E3 = {
						CreatedOnToolsVersion = 7.3.1;
						LastSwiftMigration = 0800;
						TestTargetID = 555C91A71D0F0731003E84E3;
					};
					555C91C61D0F0731003E84E3 = {
						CreatedOnToolsVersion = 7.3.1;
						LastSwiftMigration = 0800;
						TestTargetID = 555C91A71D0F0731003E84E3;
					};
				};
			};
			buildConfigurationList = 555C91A31D0F0731003E84E3 /* Build configuration list for PBXProject "IATAblumareks" */;
			compatibilityVersion = "Xcode 3.2";
			developmentRegion = English;
			hasScannedForEncodings = 0;
			knownRegions = (
				en,
				Base,
			);
			mainGroup = 555C919F1D0F0731003E84E3;
			productRefGroup = 555C91A91D0F0731003E84E3 /* Products */;
			projectDirPath = "";
			projectRoot = "";
			targets = (
				555C91A71D0F0731003E84E3 /* IATAblumareks */,
				555C91BB1D0F0731003E84E3 /* IATAblumareksTests */,
				555C91C61D0F0731003E84E3 /* IATAblumareksUITests */,
			);
		};
/* End PBXProject section */

/* Begin PBXResourcesBuildPhase section */
		555C91A61D0F0731003E84E3 /* Resources */ = {
			isa = PBXResourcesBuildPhase;
			buildActionMask = 2147483647;
			files = (
				11F9674B8532430586CCA841 /* BMSCredentials.plist in Resources */,
				555C91B31D0F0731003E84E3 /* Assets.xcassets in Resources */,
				555C91B11D0F0731003E84E3 /* Main.storyboard in Resources */,
			);
			runOnlyForDeploymentPostprocessing = 0;
		};
		555C91BA1D0F0731003E84E3 /* Resources */ = {
			isa = PBXResourcesBuildPhase;
			buildActionMask = 2147483647;
			files = (
			);
			runOnlyForDeploymentPostprocessing = 0;
		};
		555C91C51D0F0731003E84E3 /* Resources */ = {
			isa = PBXResourcesBuildPhase;
			buildActionMask = 2147483647;
			files = (
			);
			runOnlyForDeploymentPostprocessing = 0;
		};
/* End PBXResourcesBuildPhase section */

/* Begin PBXShellScriptBuildPhase section */
		2AE1C0064C94D16713FCF8D0 /* [CP] Check Pods Manifest.lock */ = {
			isa = PBXShellScriptBuildPhase;
			buildActionMask = 2147483647;
			files = (
			);
			inputPaths = (
			);
			name = "[CP] Check Pods Manifest.lock";
			outputPaths = (
			);
			runOnlyForDeploymentPostprocessing = 0;
			shellPath = /bin/sh;
			shellScript = "diff \"${PODS_ROOT}/../Podfile.lock\" \"${PODS_ROOT}/Manifest.lock\" > /dev/null\nif [ $? != 0 ] ; then\n    # print error to STDERR\n    echo \"error: The sandbox is not in sync with the Podfile.lock. Run 'pod install' or update your CocoaPods installation.\" >&2\n    exit 1\nfi\n";
			showEnvVarsInLog = 0;
		};
		2E3CF325FF8BA7697EB79BF8 /* [CP] Embed Pods Frameworks */ = {
			isa = PBXShellScriptBuildPhase;
			buildActionMask = 2147483647;
			files = (
			);
			inputPaths = (
			);
			name = "[CP] Embed Pods Frameworks";
			outputPaths = (
			);
			runOnlyForDeploymentPostprocessing = 0;
			shellPath = /bin/sh;
			shellScript = "\"${SRCROOT}/Pods/Target Support Files/Pods-IATAblumareksUITests/Pods-IATAblumareksUITests-frameworks.sh\"\n";
			showEnvVarsInLog = 0;
		};
		410ABB49FD048590F6C8D98F /* [CP] Copy Pods Resources */ = {
			isa = PBXShellScriptBuildPhase;
			buildActionMask = 2147483647;
			files = (
			);
			inputPaths = (
			);
			name = "[CP] Copy Pods Resources";
			outputPaths = (
			);
			runOnlyForDeploymentPostprocessing = 0;
			shellPath = /bin/sh;
			shellScript = "\"${SRCROOT}/Pods/Target Support Files/Pods-IATAblumareks/Pods-IATAblumareks-resources.sh\"\n";
			showEnvVarsInLog = 0;
		};
		52DF35875FBF79AB76C7D5C2 /* [CP] Embed Pods Frameworks */ = {
			isa = PBXShellScriptBuildPhase;
			buildActionMask = 2147483647;
			files = (
			);
			inputPaths = (
			);
			name = "[CP] Embed Pods Frameworks";
			outputPaths = (
			);
			runOnlyForDeploymentPostprocessing = 0;
			shellPath = /bin/sh;
			shellScript = "\"${SRCROOT}/Pods/Target Support Files/Pods-IATAblumareksTests/Pods-IATAblumareksTests-frameworks.sh\"\n";
			showEnvVarsInLog = 0;
		};
		6BE25C2A1762BCA2C830304B /* [CP] Copy Pods Resources */ = {
			isa = PBXShellScriptBuildPhase;
			buildActionMask = 2147483647;
			files = (
			);
			inputPaths = (
			);
			name = "[CP] Copy Pods Resources";
			outputPaths = (
			);
			runOnlyForDeploymentPostprocessing = 0;
			shellPath = /bin/sh;
			shellScript = "\"${SRCROOT}/Pods/Target Support Files/Pods-IATAblumareksTests/Pods-IATAblumareksTests-resources.sh\"\n";
			showEnvVarsInLog = 0;
		};
		7A8D7333F6565346A25DF969 /* [CP] Embed Pods Frameworks */ = {
			isa = PBXShellScriptBuildPhase;
			buildActionMask = 2147483647;
			files = (
			);
			inputPaths = (
			);
			name = "[CP] Embed Pods Frameworks";
			outputPaths = (
			);
			runOnlyForDeploymentPostprocessing = 0;
			shellPath = /bin/sh;
			shellScript = "\"${SRCROOT}/Pods/Target Support Files/Pods-IATAblumareks/Pods-IATAblumareks-frameworks.sh\"\n";
			showEnvVarsInLog = 0;
		};
		A9F8F9D069C5977EF9956A05 /* [CP] Check Pods Manifest.lock */ = {
			isa = PBXShellScriptBuildPhase;
			buildActionMask = 2147483647;
			files = (
			);
			inputPaths = (
			);
			name = "[CP] Check Pods Manifest.lock";
			outputPaths = (
			);
			runOnlyForDeploymentPostprocessing = 0;
			shellPath = /bin/sh;
			shellScript = "diff \"${PODS_ROOT}/../Podfile.lock\" \"${PODS_ROOT}/Manifest.lock\" > /dev/null\nif [ $? != 0 ] ; then\n    # print error to STDERR\n    echo \"error: The sandbox is not in sync with the Podfile.lock. Run 'pod install' or update your CocoaPods installation.\" >&2\n    exit 1\nfi\n";
			showEnvVarsInLog = 0;
		};
		BB0C201FFCA93441EFB3BDBB /* [CP] Copy Pods Resources */ = {
			isa = PBXShellScriptBuildPhase;
			buildActionMask = 2147483647;
			files = (
			);
			inputPaths = (
			);
			name = "[CP] Copy Pods Resources";
			outputPaths = (
			);
			runOnlyForDeploymentPostprocessing = 0;
			shellPath = /bin/sh;
			shellScript = "\"${SRCROOT}/Pods/Target Support Files/Pods-IATAblumareksUITests/Pods-IATAblumareksUITests-resources.sh\"\n";
			showEnvVarsInLog = 0;
		};
		E48551C04942F6AAA79A91F5 /* [CP] Check Pods Manifest.lock */ = {
			isa = PBXShellScriptBuildPhase;
			buildActionMask = 2147483647;
			files = (
			);
			inputPaths = (
			);
			name = "[CP] Check Pods Manifest.lock";
			outputPaths = (
			);
			runOnlyForDeploymentPostprocessing = 0;
			shellPath = /bin/sh;
			shellScript = "diff \"${PODS_ROOT}/../Podfile.lock\" \"${PODS_ROOT}/Manifest.lock\" > /dev/null\nif [ $? != 0 ] ; then\n    # print error to STDERR\n    echo \"error: The sandbox is not in sync with the Podfile.lock. Run 'pod install' or update your CocoaPods installation.\" >&2\n    exit 1\nfi\n";
			showEnvVarsInLog = 0;
		};
/* End PBXShellScriptBuildPhase section */

/* Begin PBXSourcesBuildPhase section */
		555C91A41D0F0731003E84E3 /* Sources */ = {
			isa = PBXSourcesBuildPhase;
			buildActionMask = 2147483647;
			files = (
				555C91AE1D0F0731003E84E3 /* ViewController.swift in Sources */,
				555C91AC1D0F0731003E84E3 /* AppDelegate.swift in Sources */,
			);
			runOnlyForDeploymentPostprocessing = 0;
		};
		555C91B81D0F0731003E84E3 /* Sources */ = {
			isa = PBXSourcesBuildPhase;
			buildActionMask = 2147483647;
			files = (
				555C91C11D0F0731003E84E3 /* IATAblumareksTests.swift in Sources */,
			);
			runOnlyForDeploymentPostprocessing = 0;
		};
		555C91C31D0F0731003E84E3 /* Sources */ = {
			isa = PBXSourcesBuildPhase;
			buildActionMask = 2147483647;
			files = (
				555C91CC1D0F0731003E84E3 /* IATAblumareksUITests.swift in Sources */,
			);
			runOnlyForDeploymentPostprocessing = 0;
		};
/* End PBXSourcesBuildPhase section */

/* Begin PBXTargetDependency section */
		555C91BE1D0F0731003E84E3 /* PBXTargetDependency */ = {
			isa = PBXTargetDependency;
			target = 555C91A71D0F0731003E84E3 /* IATAblumareks */;
			targetProxy = 555C91BD1D0F0731003E84E3 /* PBXContainerItemProxy */;
		};
		555C91C91D0F0731003E84E3 /* PBXTargetDependency */ = {
			isa = PBXTargetDependency;
			target = 555C91A71D0F0731003E84E3 /* IATAblumareks */;
			targetProxy = 555C91C81D0F0731003E84E3 /* PBXContainerItemProxy */;
		};
/* End PBXTargetDependency section */

/* Begin PBXVariantGroup section */
		555C91AF1D0F0731003E84E3 /* Main.storyboard */ = {
			isa = PBXVariantGroup;
			children = (
				555C91B01D0F0731003E84E3 /* Base */,
			);
			name = Main.storyboard;
			sourceTree = "<group>";
		};
/* End PBXVariantGroup section */

/* Begin XCBuildConfiguration section */
		555C91CE1D0F0731003E84E3 /* Debug */ = {
			isa = XCBuildConfiguration;
			buildSettings = {
				ALWAYS_SEARCH_USER_PATHS = NO;
				CLANG_ANALYZER_NONNULL = YES;
				CLANG_CXX_LANGUAGE_STANDARD = "gnu++0x";
				CLANG_CXX_LIBRARY = "libc++";
				CLANG_ENABLE_MODULES = YES;
				CLANG_ENABLE_OBJC_ARC = YES;
				CLANG_WARN_BOOL_CONVERSION = YES;
				CLANG_WARN_CONSTANT_CONVERSION = YES;
				CLANG_WARN_DIRECT_OBJC_ISA_USAGE = YES_ERROR;
				CLANG_WARN_EMPTY_BODY = YES;
				CLANG_WARN_ENUM_CONVERSION = YES;
				CLANG_WARN_INFINITE_RECURSION = YES;
				CLANG_WARN_INT_CONVERSION = YES;
				CLANG_WARN_OBJC_ROOT_CLASS = YES_ERROR;
				CLANG_WARN_SUSPICIOUS_MOVE = YES;
				CLANG_WARN_UNREACHABLE_CODE = YES;
				CLANG_WARN__DUPLICATE_METHOD_MATCH = YES;
				"CODE_SIGN_IDENTITY[sdk=iphoneos*]" = "iPhone Developer";
				COPY_PHASE_STRIP = NO;
				DEBUG_INFORMATION_FORMAT = dwarf;
				ENABLE_STRICT_OBJC_MSGSEND = YES;
				ENABLE_TESTABILITY = YES;
				GCC_C_LANGUAGE_STANDARD = gnu99;
				GCC_DYNAMIC_NO_PIC = NO;
				GCC_NO_COMMON_BLOCKS = YES;
				GCC_OPTIMIZATION_LEVEL = 0;
				GCC_PREPROCESSOR_DEFINITIONS = (
					"DEBUG=1",
					"$(inherited)",
				);
				GCC_WARN_64_TO_32_BIT_CONVERSION = YES;
				GCC_WARN_ABOUT_RETURN_TYPE = YES_ERROR;
				GCC_WARN_UNDECLARED_SELECTOR = YES;
				GCC_WARN_UNINITIALIZED_AUTOS = YES_AGGRESSIVE;
				GCC_WARN_UNUSED_FUNCTION = YES;
				GCC_WARN_UNUSED_VARIABLE = YES;
				IPHONEOS_DEPLOYMENT_TARGET = 9.3;
				MTL_ENABLE_DEBUG_INFO = YES;
				ONLY_ACTIVE_ARCH = YES;
				SDKROOT = iphoneos;
				SWIFT_OPTIMIZATION_LEVEL = "-Onone";
				SWIFT_VERSION = "";
				TARGETED_DEVICE_FAMILY = "1,2";
			};
			name = Debug;
		};
		555C91CF1D0F0731003E84E3 /* Release */ = {
			isa = XCBuildConfiguration;
			buildSettings = {
				ALWAYS_SEARCH_USER_PATHS = NO;
				CLANG_ANALYZER_NONNULL = YES;
				CLANG_CXX_LANGUAGE_STANDARD = "gnu++0x";
				CLANG_CXX_LIBRARY = "libc++";
				CLANG_ENABLE_MODULES = YES;
				CLANG_ENABLE_OBJC_ARC = YES;
				CLANG_WARN_BOOL_CONVERSION = YES;
				CLANG_WARN_CONSTANT_CONVERSION = YES;
				CLANG_WARN_DIRECT_OBJC_ISA_USAGE = YES_ERROR;
				CLANG_WARN_EMPTY_BODY = YES;
				CLANG_WARN_ENUM_CONVERSION = YES;
				CLANG_WARN_INFINITE_RECURSION = YES;
				CLANG_WARN_INT_CONVERSION = YES;
				CLANG_WARN_OBJC_ROOT_CLASS = YES_ERROR;
				CLANG_WARN_SUSPICIOUS_MOVE = YES;
				CLANG_WARN_UNREACHABLE_CODE = YES;
				CLANG_WARN__DUPLICATE_METHOD_MATCH = YES;
				"CODE_SIGN_IDENTITY[sdk=iphoneos*]" = "iPhone Developer";
				COPY_PHASE_STRIP = NO;
				DEBUG_INFORMATION_FORMAT = "dwarf-with-dsym";
				ENABLE_NS_ASSERTIONS = NO;
				ENABLE_STRICT_OBJC_MSGSEND = YES;
				GCC_C_LANGUAGE_STANDARD = gnu99;
				GCC_NO_COMMON_BLOCKS = YES;
				GCC_WARN_64_TO_32_BIT_CONVERSION = YES;
				GCC_WARN_ABOUT_RETURN_TYPE = YES_ERROR;
				GCC_WARN_UNDECLARED_SELECTOR = YES;
				GCC_WARN_UNINITIALIZED_AUTOS = YES_AGGRESSIVE;
				GCC_WARN_UNUSED_FUNCTION = YES;
				GCC_WARN_UNUSED_VARIABLE = YES;
				IPHONEOS_DEPLOYMENT_TARGET = 9.3;
				MTL_ENABLE_DEBUG_INFO = NO;
				SDKROOT = iphoneos;
				SWIFT_OPTIMIZATION_LEVEL = "-Owholemodule";
				SWIFT_VERSION = "";
				TARGETED_DEVICE_FAMILY = "1,2";
				VALIDATE_PRODUCT = YES;
			};
			name = Release;
		};
		555C91D11D0F0731003E84E3 /* Debug */ = {
			isa = XCBuildConfiguration;
			baseConfigurationReference = 11E82E2A01DF386A2BD70BE6 /* Pods-IATAblumareks.debug.xcconfig */;
			buildSettings = {
				ASSETCATALOG_COMPILER_APPICON_NAME = AppIcon;
				FRAMEWORK_SEARCH_PATHS = (
					"$(inherited)",
					"$(PROJECT_DIR)/Carthage/Build/iOS",
					"$(PROJECT_DIR)",
				);
				INFOPLIST_FILE = IATAblumareks/Info.plist;
				IPHONEOS_DEPLOYMENT_TARGET = 10.0;
				LD_RUNPATH_SEARCH_PATHS = "$(inherited) @executable_path/Frameworks";
				PRODUCT_BUNDLE_IDENTIFIER = com.ibm.IATAblumareks;
				PRODUCT_NAME = "$(TARGET_NAME)";
				SWIFT_VERSION = 3.0;
			};
			name = Debug;
		};
		555C91D21D0F0731003E84E3 /* Release */ = {
			isa = XCBuildConfiguration;
			baseConfigurationReference = 1CCAB15229E227CD9B62C913 /* Pods-IATAblumareks.release.xcconfig */;
			buildSettings = {
				ASSETCATALOG_COMPILER_APPICON_NAME = AppIcon;
				FRAMEWORK_SEARCH_PATHS = (
					"$(inherited)",
					"$(PROJECT_DIR)/Carthage/Build/iOS",
					"$(PROJECT_DIR)",
				);
				INFOPLIST_FILE = IATAblumareks/Info.plist;
				IPHONEOS_DEPLOYMENT_TARGET = 10.0;
				LD_RUNPATH_SEARCH_PATHS = "$(inherited) @executable_path/Frameworks";
				PRODUCT_BUNDLE_IDENTIFIER = com.ibm.IATAblumareks;
				PRODUCT_NAME = "$(TARGET_NAME)";
				SWIFT_VERSION = 3.0;
			};
			name = Release;
		};
		555C91D41D0F0731003E84E3 /* Debug */ = {
			isa = XCBuildConfiguration;
			baseConfigurationReference = D89BC7573A6BA92E7A355C67 /* Pods-IATAblumareksTests.debug.xcconfig */;
			buildSettings = {
				BUNDLE_LOADER = "$(TEST_HOST)";
				INFOPLIST_FILE = IATAblumareksTests/Info.plist;
				LD_RUNPATH_SEARCH_PATHS = "$(inherited) @executable_path/Frameworks @loader_path/Frameworks";
				PRODUCT_BUNDLE_IDENTIFIER = com.ibm.IATAblumareksTests;
				PRODUCT_NAME = "$(TARGET_NAME)";
				SWIFT_VERSION = 3.0;
				TEST_HOST = "$(BUILT_PRODUCTS_DIR)/IATAblumareks.app/IATAblumareks";
			};
			name = Debug;
		};
		555C91D51D0F0731003E84E3 /* Release */ = {
			isa = XCBuildConfiguration;
			baseConfigurationReference = BE8DF661C07204DB0E9EEB5F /* Pods-IATAblumareksTests.release.xcconfig */;
			buildSettings = {
				BUNDLE_LOADER = "$(TEST_HOST)";
				INFOPLIST_FILE = IATAblumareksTests/Info.plist;
				LD_RUNPATH_SEARCH_PATHS = "$(inherited) @executable_path/Frameworks @loader_path/Frameworks";
				PRODUCT_BUNDLE_IDENTIFIER = com.ibm.IATAblumareksTests;
				PRODUCT_NAME = "$(TARGET_NAME)";
				SWIFT_VERSION = 3.0;
				TEST_HOST = "$(BUILT_PRODUCTS_DIR)/IATAblumareks.app/IATAblumareks";
			};
			name = Release;
		};
		555C91D71D0F0731003E84E3 /* Debug */ = {
			isa = XCBuildConfiguration;
			baseConfigurationReference = 87BF2132F67C2EAE62E4B71D /* Pods-IATAblumareksUITests.debug.xcconfig */;
			buildSettings = {
				INFOPLIST_FILE = IATAblumareksUITests/Info.plist;
				LD_RUNPATH_SEARCH_PATHS = "$(inherited) @executable_path/Frameworks @loader_path/Frameworks";
				PRODUCT_BUNDLE_IDENTIFIER = com.ibm.IATAblumareksUITests;
				PRODUCT_NAME = "$(TARGET_NAME)";
				SWIFT_VERSION = 3.0;
				TEST_TARGET_NAME = IATAblumareks;
			};
			name = Debug;
		};
		555C91D81D0F0731003E84E3 /* Release */ = {
			isa = XCBuildConfiguration;
			baseConfigurationReference = 483EEB55DA3E89708BB85127 /* Pods-IATAblumareksUITests.release.xcconfig */;
			buildSettings = {
				INFOPLIST_FILE = IATAblumareksUITests/Info.plist;
				LD_RUNPATH_SEARCH_PATHS = "$(inherited) @executable_path/Frameworks @loader_path/Frameworks";
				PRODUCT_BUNDLE_IDENTIFIER = com.ibm.IATAblumareksUITests;
				PRODUCT_NAME = "$(TARGET_NAME)";
				SWIFT_VERSION = 3.0;
				TEST_TARGET_NAME = IATAblumareks;
			};
			name = Release;
		};
/* End XCBuildConfiguration section */

/* Begin XCConfigurationList section */
		555C91A31D0F0731003E84E3 /* Build configuration list for PBXProject "IATAblumareks" */ = {
			isa = XCConfigurationList;
			buildConfigurations = (
				555C91CE1D0F0731003E84E3 /* Debug */,
				555C91CF1D0F0731003E84E3 /* Release */,
			);
			defaultConfigurationIsVisible = 0;
			defaultConfigurationName = Release;
		};
		555C91D01D0F0731003E84E3 /* Build configuration list for PBXNativeTarget "IATAblumareks" */ = {
			isa = XCConfigurationList;
			buildConfigurations = (
				555C91D11D0F0731003E84E3 /* Debug */,
				555C91D21D0F0731003E84E3 /* Release */,
			);
			defaultConfigurationIsVisible = 0;
			defaultConfigurationName = Release;
		};
		555C91D31D0F0731003E84E3 /* Build configuration list for PBXNativeTarget "IATAblumareksTests" */ = {
			isa = XCConfigurationList;
			buildConfigurations = (
				555C91D41D0F0731003E84E3 /* Debug */,
				555C91D51D0F0731003E84E3 /* Release */,
			);
			defaultConfigurationIsVisible = 0;
			defaultConfigurationName = Release;
		};
		555C91D61D0F0731003E84E3 /* Build configuration list for PBXNativeTarget "IATAblumareksUITests" */ = {
			isa = XCConfigurationList;
			buildConfigurations = (
				555C91D71D0F0731003E84E3 /* Debug */,
				555C91D81D0F0731003E84E3 /* Release */,
			);
			defaultConfigurationIsVisible = 0;
			defaultConfigurationName = Release;
		};
/* End XCConfigurationList section */
	};
	rootObject = 555C91A01D0F0731003E84E3 /* Project object */;
}
